// !$*UTF8*$!
{
	archiveVersion = 1;
	classes = {
	};
	objectVersion = 51;
	objects = {

/* Begin PBXBuildFile section */
		1C30976726D3BA9D00C08710 /* Parser.swift in Sources */ = {isa = PBXBuildFile; fileRef = 1C30976626D3BA9D00C08710 /* Parser.swift */; };
		1C30976926D3C48C00C08710 /* NetworkError.swift in Sources */ = {isa = PBXBuildFile; fileRef = 1C30976826D3C48C00C08710 /* NetworkError.swift */; };
		1C351F2826D40AF100C2022A /* FullMessage.swift in Sources */ = {isa = PBXBuildFile; fileRef = 1C351F2726D40AF100C2022A /* FullMessage.swift */; };
		1C351F2A26D40FD700C2022A /* MessageInfo.swift in Sources */ = {isa = PBXBuildFile; fileRef = 1C351F2926D40FD700C2022A /* MessageInfo.swift */; };
		1C351F2C26D416D500C2022A /* String+Base64URL.swift in Sources */ = {isa = PBXBuildFile; fileRef = 1C351F2B26D416D500C2022A /* String+Base64URL.swift */; };
		1C35201026D450CA00C2022A /* UIView+AddSubview.swift in Sources */ = {isa = PBXBuildFile; fileRef = 1C35200F26D450CA00C2022A /* UIView+AddSubview.swift */; };
		1C507C5426D3848F0000464A /* UIViewController+Alert.swift in Sources */ = {isa = PBXBuildFile; fileRef = 1C507C5326D3848F0000464A /* UIViewController+Alert.swift */; };
		1C507D3826D3916A0000464A /* MessageList.swift in Sources */ = {isa = PBXBuildFile; fileRef = 1C507D3726D3916A0000464A /* MessageList.swift */; };
		1CFC2E9E26D17CB700739357 /* AppDelegate.swift in Sources */ = {isa = PBXBuildFile; fileRef = 1CFC2E9D26D17CB700739357 /* AppDelegate.swift */; };
		1CFC2EA026D17CB700739357 /* SceneDelegate.swift in Sources */ = {isa = PBXBuildFile; fileRef = 1CFC2E9F26D17CB700739357 /* SceneDelegate.swift */; };
		1CFC2EA226D17CB700739357 /* SignInViewController.swift in Sources */ = {isa = PBXBuildFile; fileRef = 1CFC2EA126D17CB700739357 /* SignInViewController.swift */; };
		1CFC2EA526D17CB800739357 /* Main.storyboard in Resources */ = {isa = PBXBuildFile; fileRef = 1CFC2EA326D17CB800739357 /* Main.storyboard */; };
		1CFC2EA826D17CB800739357 /* GmailClient.xcdatamodeld in Sources */ = {isa = PBXBuildFile; fileRef = 1CFC2EA626D17CB800739357 /* GmailClient.xcdatamodeld */; };
		1CFC2EAA26D17CB800739357 /* Assets.xcassets in Resources */ = {isa = PBXBuildFile; fileRef = 1CFC2EA926D17CB800739357 /* Assets.xcassets */; };
		1CFC2EAD26D17CB800739357 /* LaunchScreen.storyboard in Resources */ = {isa = PBXBuildFile; fileRef = 1CFC2EAB26D17CB800739357 /* LaunchScreen.storyboard */; };
		1CFC2EB526D1800A00739357 /* GoogleAuthorizationService.swift in Sources */ = {isa = PBXBuildFile; fileRef = 1CFC2EB426D1800A00739357 /* GoogleAuthorizationService.swift */; };
		1CFC2EB726D2399100739357 /* MessageListViewController.swift in Sources */ = {isa = PBXBuildFile; fileRef = 1CFC2EB626D2399100739357 /* MessageListViewController.swift */; };
		1CFC2EB926D239FC00739357 /* AuthorizationService.swift in Sources */ = {isa = PBXBuildFile; fileRef = 1CFC2EB826D239FC00739357 /* AuthorizationService.swift */; };
		1CFC2EBD26D25EF800739357 /* MessageDetailsViewController.swift in Sources */ = {isa = PBXBuildFile; fileRef = 1CFC2EBC26D25EF800739357 /* MessageDetailsViewController.swift */; };
		1CFC2EC026D263BB00739357 /* MessageProviderProtocol.swift in Sources */ = {isa = PBXBuildFile; fileRef = 1CFC2EBF26D263BB00739357 /* MessageProviderProtocol.swift */; };
		1CFC2EC226D2665600739357 /* GmailNetworkService.swift in Sources */ = {isa = PBXBuildFile; fileRef = 1CFC2EC126D2665600739357 /* GmailNetworkService.swift */; };
		1CFC2EC426D26EB300739357 /* GmailMessageProvider.swift in Sources */ = {isa = PBXBuildFile; fileRef = 1CFC2EC326D26EB300739357 /* GmailMessageProvider.swift */; };
		1CFC2EC826D2E8BF00739357 /* Observable.swift in Sources */ = {isa = PBXBuildFile; fileRef = 1CFC2EC726D2E8BF00739357 /* Observable.swift */; };
		1CFC2FAF26D2EAC800739357 /* SignInViewModel.swift in Sources */ = {isa = PBXBuildFile; fileRef = 1CFC2FAE26D2EAC800739357 /* SignInViewModel.swift */; };
		1CFC2FB126D2EAD500739357 /* MessageListViewModel.swift in Sources */ = {isa = PBXBuildFile; fileRef = 1CFC2FB026D2EAD500739357 /* MessageListViewModel.swift */; };
		1CFC2FB326D2EAEA00739357 /* MessageDetailsViewModel.swift in Sources */ = {isa = PBXBuildFile; fileRef = 1CFC2FB226D2EAEA00739357 /* MessageDetailsViewModel.swift */; };
		536117540A71C218CC4EC54D /* Pods_GmailClient.framework in Frameworks */ = {isa = PBXBuildFile; fileRef = 165DF26D321D7F5D329EAD2B /* Pods_GmailClient.framework */; };
/* End PBXBuildFile section */

/* Begin PBXFileReference section */
		165DF26D321D7F5D329EAD2B /* Pods_GmailClient.framework */ = {isa = PBXFileReference; explicitFileType = wrapper.framework; includeInIndex = 0; path = Pods_GmailClient.framework; sourceTree = BUILT_PRODUCTS_DIR; };
		1C30976626D3BA9D00C08710 /* Parser.swift */ = {isa = PBXFileReference; lastKnownFileType = sourcecode.swift; path = Parser.swift; sourceTree = "<group>"; };
		1C30976826D3C48C00C08710 /* NetworkError.swift */ = {isa = PBXFileReference; lastKnownFileType = sourcecode.swift; path = NetworkError.swift; sourceTree = "<group>"; };
		1C351F2726D40AF100C2022A /* FullMessage.swift */ = {isa = PBXFileReference; lastKnownFileType = sourcecode.swift; path = FullMessage.swift; sourceTree = "<group>"; };
		1C351F2926D40FD700C2022A /* MessageInfo.swift */ = {isa = PBXFileReference; lastKnownFileType = sourcecode.swift; path = MessageInfo.swift; sourceTree = "<group>"; };
		1C351F2B26D416D500C2022A /* String+Base64URL.swift */ = {isa = PBXFileReference; lastKnownFileType = sourcecode.swift; path = "String+Base64URL.swift"; sourceTree = "<group>"; };
		1C35200F26D450CA00C2022A /* UIView+AddSubview.swift */ = {isa = PBXFileReference; lastKnownFileType = sourcecode.swift; path = "UIView+AddSubview.swift"; sourceTree = "<group>"; };
		1C507C5326D3848F0000464A /* UIViewController+Alert.swift */ = {isa = PBXFileReference; lastKnownFileType = sourcecode.swift; path = "UIViewController+Alert.swift"; sourceTree = "<group>"; };
		1C507D3726D3916A0000464A /* MessageList.swift */ = {isa = PBXFileReference; lastKnownFileType = sourcecode.swift; path = MessageList.swift; sourceTree = "<group>"; };
		1CFC2E9A26D17CB700739357 /* GmailClient.app */ = {isa = PBXFileReference; explicitFileType = wrapper.application; includeInIndex = 0; path = GmailClient.app; sourceTree = BUILT_PRODUCTS_DIR; };
		1CFC2E9D26D17CB700739357 /* AppDelegate.swift */ = {isa = PBXFileReference; lastKnownFileType = sourcecode.swift; path = AppDelegate.swift; sourceTree = "<group>"; };
		1CFC2E9F26D17CB700739357 /* SceneDelegate.swift */ = {isa = PBXFileReference; lastKnownFileType = sourcecode.swift; path = SceneDelegate.swift; sourceTree = "<group>"; };
		1CFC2EA126D17CB700739357 /* SignInViewController.swift */ = {isa = PBXFileReference; lastKnownFileType = sourcecode.swift; path = SignInViewController.swift; sourceTree = "<group>"; };
		1CFC2EA426D17CB800739357 /* Base */ = {isa = PBXFileReference; lastKnownFileType = file.storyboard; name = Base; path = Base.lproj/Main.storyboard; sourceTree = "<group>"; };
		1CFC2EA726D17CB800739357 /* GmailClient.xcdatamodel */ = {isa = PBXFileReference; lastKnownFileType = wrapper.xcdatamodel; path = GmailClient.xcdatamodel; sourceTree = "<group>"; };
		1CFC2EA926D17CB800739357 /* Assets.xcassets */ = {isa = PBXFileReference; lastKnownFileType = folder.assetcatalog; path = Assets.xcassets; sourceTree = "<group>"; };
		1CFC2EAC26D17CB800739357 /* Base */ = {isa = PBXFileReference; lastKnownFileType = file.storyboard; name = Base; path = Base.lproj/LaunchScreen.storyboard; sourceTree = "<group>"; };
		1CFC2EAE26D17CB800739357 /* Info.plist */ = {isa = PBXFileReference; lastKnownFileType = text.plist.xml; path = Info.plist; sourceTree = "<group>"; };
		1CFC2EB426D1800A00739357 /* GoogleAuthorizationService.swift */ = {isa = PBXFileReference; lastKnownFileType = sourcecode.swift; path = GoogleAuthorizationService.swift; sourceTree = "<group>"; };
		1CFC2EB626D2399100739357 /* MessageListViewController.swift */ = {isa = PBXFileReference; lastKnownFileType = sourcecode.swift; path = MessageListViewController.swift; sourceTree = "<group>"; };
		1CFC2EB826D239FC00739357 /* AuthorizationService.swift */ = {isa = PBXFileReference; lastKnownFileType = sourcecode.swift; path = AuthorizationService.swift; sourceTree = "<group>"; };
		1CFC2EBC26D25EF800739357 /* MessageDetailsViewController.swift */ = {isa = PBXFileReference; lastKnownFileType = sourcecode.swift; path = MessageDetailsViewController.swift; sourceTree = "<group>"; };
		1CFC2EBF26D263BB00739357 /* MessageProviderProtocol.swift */ = {isa = PBXFileReference; lastKnownFileType = sourcecode.swift; path = MessageProviderProtocol.swift; sourceTree = "<group>"; };
		1CFC2EC126D2665600739357 /* GmailNetworkService.swift */ = {isa = PBXFileReference; lastKnownFileType = sourcecode.swift; path = GmailNetworkService.swift; sourceTree = "<group>"; };
		1CFC2EC326D26EB300739357 /* GmailMessageProvider.swift */ = {isa = PBXFileReference; lastKnownFileType = sourcecode.swift; path = GmailMessageProvider.swift; sourceTree = "<group>"; };
		1CFC2EC726D2E8BF00739357 /* Observable.swift */ = {isa = PBXFileReference; lastKnownFileType = sourcecode.swift; path = Observable.swift; sourceTree = "<group>"; };
		1CFC2FAE26D2EAC800739357 /* SignInViewModel.swift */ = {isa = PBXFileReference; lastKnownFileType = sourcecode.swift; path = SignInViewModel.swift; sourceTree = "<group>"; };
		1CFC2FB026D2EAD500739357 /* MessageListViewModel.swift */ = {isa = PBXFileReference; lastKnownFileType = sourcecode.swift; path = MessageListViewModel.swift; sourceTree = "<group>"; };
		1CFC2FB226D2EAEA00739357 /* MessageDetailsViewModel.swift */ = {isa = PBXFileReference; lastKnownFileType = sourcecode.swift; path = MessageDetailsViewModel.swift; sourceTree = "<group>"; };
		8FBD86E5439E1006E17D1F1E /* Pods-GmailClient.release.xcconfig */ = {isa = PBXFileReference; includeInIndex = 1; lastKnownFileType = text.xcconfig; name = "Pods-GmailClient.release.xcconfig"; path = "Target Support Files/Pods-GmailClient/Pods-GmailClient.release.xcconfig"; sourceTree = "<group>"; };
		F88C468BF10194E69F72109A /* Pods-GmailClient.debug.xcconfig */ = {isa = PBXFileReference; includeInIndex = 1; lastKnownFileType = text.xcconfig; name = "Pods-GmailClient.debug.xcconfig"; path = "Target Support Files/Pods-GmailClient/Pods-GmailClient.debug.xcconfig"; sourceTree = "<group>"; };
/* End PBXFileReference section */

/* Begin PBXFrameworksBuildPhase section */
		1CFC2E9726D17CB700739357 /* Frameworks */ = {
			isa = PBXFrameworksBuildPhase;
			buildActionMask = 2147483647;
			files = (
				536117540A71C218CC4EC54D /* Pods_GmailClient.framework in Frameworks */,
			);
			runOnlyForDeploymentPostprocessing = 0;
		};
/* End PBXFrameworksBuildPhase section */

/* Begin PBXGroup section */
		1CFC2E9126D17CB700739357 = {
			isa = PBXGroup;
			children = (
				1CFC2E9C26D17CB700739357 /* GmailClient */,
				1CFC2E9B26D17CB700739357 /* Products */,
				EA96608CB49E3B4DCF2A9BED /* Pods */,
				7AEA8563241634A19B582094 /* Frameworks */,
			);
			sourceTree = "<group>";
		};
		1CFC2E9B26D17CB700739357 /* Products */ = {
			isa = PBXGroup;
			children = (
				1CFC2E9A26D17CB700739357 /* GmailClient.app */,
			);
			name = Products;
			sourceTree = "<group>";
		};
		1CFC2E9C26D17CB700739357 /* GmailClient */ = {
			isa = PBXGroup;
			children = (
				1CFC2E9D26D17CB700739357 /* AppDelegate.swift */,
				1CFC2E9F26D17CB700739357 /* SceneDelegate.swift */,
				1CFC2EBB26D25ECA00739357 /* Modules */,
				1CFC2EBE26D25F1F00739357 /* Networking */,
				1CFC2EBA26D25EB800739357 /* Authorization */,
				1CFC2EC526D276A900739357 /* Extensions */,
				1CFC2EC626D2E8AE00739357 /* Utils */,
				1CFC2EA326D17CB800739357 /* Main.storyboard */,
				1CFC2EA926D17CB800739357 /* Assets.xcassets */,
				1CFC2EAB26D17CB800739357 /* LaunchScreen.storyboard */,
				1CFC2EAE26D17CB800739357 /* Info.plist */,
				1CFC2EA626D17CB800739357 /* GmailClient.xcdatamodeld */,
			);
			path = GmailClient;
			sourceTree = "<group>";
		};
		1CFC2EBA26D25EB800739357 /* Authorization */ = {
			isa = PBXGroup;
			children = (
				1CFC2EB826D239FC00739357 /* AuthorizationService.swift */,
				1CFC2EB426D1800A00739357 /* GoogleAuthorizationService.swift */,
			);
			path = Authorization;
			sourceTree = "<group>";
		};
		1CFC2EBB26D25ECA00739357 /* Modules */ = {
			isa = PBXGroup;
			children = (
				1CFC2FAB26D2EA7D00739357 /* SignIn */,
				1CFC2FAC26D2EA8400739357 /* MessageList */,
				1CFC2FAD26D2EA8F00739357 /* MessageInfo */,
			);
			path = Modules;
			sourceTree = "<group>";
		};
		1CFC2EBE26D25F1F00739357 /* Networking */ = {
			isa = PBXGroup;
			children = (
				1CFC2EC126D2665600739357 /* GmailNetworkService.swift */,
				1CFC2EBF26D263BB00739357 /* MessageProviderProtocol.swift */,
				1CFC2EC326D26EB300739357 /* GmailMessageProvider.swift */,
				1C30976826D3C48C00C08710 /* NetworkError.swift */,
			);
			path = Networking;
			sourceTree = "<group>";
		};
		1CFC2EC526D276A900739357 /* Extensions */ = {
			isa = PBXGroup;
			children = (
				1C507C5326D3848F0000464A /* UIViewController+Alert.swift */,
				1C351F2B26D416D500C2022A /* String+Base64URL.swift */,
				1C35200F26D450CA00C2022A /* UIView+AddSubview.swift */,
			);
			path = Extensions;
			sourceTree = "<group>";
		};
		1CFC2EC626D2E8AE00739357 /* Utils */ = {
			isa = PBXGroup;
			children = (
				1C30976626D3BA9D00C08710 /* Parser.swift */,
				1CFC2EC726D2E8BF00739357 /* Observable.swift */,
			);
			path = Utils;
			sourceTree = "<group>";
		};
		1CFC2FAB26D2EA7D00739357 /* SignIn */ = {
			isa = PBXGroup;
			children = (
				1CFC2EA126D17CB700739357 /* SignInViewController.swift */,
				1CFC2FAE26D2EAC800739357 /* SignInViewModel.swift */,
			);
			path = SignIn;
			sourceTree = "<group>";
		};
		1CFC2FAC26D2EA8400739357 /* MessageList */ = {
			isa = PBXGroup;
			children = (
				1CFC2EB626D2399100739357 /* MessageListViewController.swift */,
				1CFC2FB026D2EAD500739357 /* MessageListViewModel.swift */,
				1C507D3726D3916A0000464A /* MessageList.swift */,
			);
			path = MessageList;
			sourceTree = "<group>";
		};
		1CFC2FAD26D2EA8F00739357 /* MessageInfo */ = {
			isa = PBXGroup;
			children = (
				1CFC2EBC26D25EF800739357 /* MessageDetailsViewController.swift */,
				1CFC2FB226D2EAEA00739357 /* MessageDetailsViewModel.swift */,
				1C351F2726D40AF100C2022A /* FullMessage.swift */,
				1C351F2926D40FD700C2022A /* MessageInfo.swift */,
			);
			path = MessageInfo;
			sourceTree = "<group>";
		};
		7AEA8563241634A19B582094 /* Frameworks */ = {
			isa = PBXGroup;
			children = (
				165DF26D321D7F5D329EAD2B /* Pods_GmailClient.framework */,
			);
			name = Frameworks;
			sourceTree = "<group>";
		};
		EA96608CB49E3B4DCF2A9BED /* Pods */ = {
			isa = PBXGroup;
			children = (
				F88C468BF10194E69F72109A /* Pods-GmailClient.debug.xcconfig */,
				8FBD86E5439E1006E17D1F1E /* Pods-GmailClient.release.xcconfig */,
			);
			path = Pods;
			sourceTree = "<group>";
		};
/* End PBXGroup section */

/* Begin PBXNativeTarget section */
		1CFC2E9926D17CB700739357 /* GmailClient */ = {
			isa = PBXNativeTarget;
			buildConfigurationList = 1CFC2EB126D17CB800739357 /* Build configuration list for PBXNativeTarget "GmailClient" */;
			buildPhases = (
				C768413FD00FFDCCD47F7C57 /* [CP] Check Pods Manifest.lock */,
				1CFC2E9626D17CB700739357 /* Sources */,
				1CFC2E9726D17CB700739357 /* Frameworks */,
				1CFC2E9826D17CB700739357 /* Resources */,
				D2C1C6BB60EA1531D285DBA7 /* [CP] Embed Pods Frameworks */,
			);
			buildRules = (
			);
			dependencies = (
			);
			name = GmailClient;
			productName = GmailClient;
			productReference = 1CFC2E9A26D17CB700739357 /* GmailClient.app */;
			productType = "com.apple.product-type.application";
		};
/* End PBXNativeTarget section */

/* Begin PBXProject section */
		1CFC2E9226D17CB700739357 /* Project object */ = {
			isa = PBXProject;
			attributes = {
				LastSwiftUpdateCheck = 1250;
				LastUpgradeCheck = 1250;
				TargetAttributes = {
					1CFC2E9926D17CB700739357 = {
						CreatedOnToolsVersion = 12.5.1;
					};
				};
			};
			buildConfigurationList = 1CFC2E9526D17CB700739357 /* Build configuration list for PBXProject "GmailClient" */;
			compatibilityVersion = "Xcode 9.3";
			developmentRegion = en;
			hasScannedForEncodings = 0;
			knownRegions = (
				en,
				Base,
			);
			mainGroup = 1CFC2E9126D17CB700739357;
			productRefGroup = 1CFC2E9B26D17CB700739357 /* Products */;
			projectDirPath = "";
			projectRoot = "";
			targets = (
				1CFC2E9926D17CB700739357 /* GmailClient */,
			);
		};
/* End PBXProject section */

/* Begin PBXResourcesBuildPhase section */
		1CFC2E9826D17CB700739357 /* Resources */ = {
			isa = PBXResourcesBuildPhase;
			buildActionMask = 2147483647;
			files = (
				1CFC2EAD26D17CB800739357 /* LaunchScreen.storyboard in Resources */,
				1CFC2EAA26D17CB800739357 /* Assets.xcassets in Resources */,
				1CFC2EA526D17CB800739357 /* Main.storyboard in Resources */,
			);
			runOnlyForDeploymentPostprocessing = 0;
		};
/* End PBXResourcesBuildPhase section */

/* Begin PBXShellScriptBuildPhase section */
		C768413FD00FFDCCD47F7C57 /* [CP] Check Pods Manifest.lock */ = {
			isa = PBXShellScriptBuildPhase;
			buildActionMask = 2147483647;
			files = (
			);
			inputFileListPaths = (
			);
			inputPaths = (
				"${PODS_PODFILE_DIR_PATH}/Podfile.lock",
				"${PODS_ROOT}/Manifest.lock",
			);
			name = "[CP] Check Pods Manifest.lock";
			outputFileListPaths = (
			);
			outputPaths = (
				"$(DERIVED_FILE_DIR)/Pods-GmailClient-checkManifestLockResult.txt",
			);
			runOnlyForDeploymentPostprocessing = 0;
			shellPath = /bin/sh;
			shellScript = "diff \"${PODS_PODFILE_DIR_PATH}/Podfile.lock\" \"${PODS_ROOT}/Manifest.lock\" > /dev/null\nif [ $? != 0 ] ; then\n    # print error to STDERR\n    echo \"error: The sandbox is not in sync with the Podfile.lock. Run 'pod install' or update your CocoaPods installation.\" >&2\n    exit 1\nfi\n# This output is used by Xcode 'outputs' to avoid re-running this script phase.\necho \"SUCCESS\" > \"${SCRIPT_OUTPUT_FILE_0}\"\n";
			showEnvVarsInLog = 0;
		};
		D2C1C6BB60EA1531D285DBA7 /* [CP] Embed Pods Frameworks */ = {
			isa = PBXShellScriptBuildPhase;
			buildActionMask = 2147483647;
			files = (
			);
			inputFileListPaths = (
				"${PODS_ROOT}/Target Support Files/Pods-GmailClient/Pods-GmailClient-frameworks-${CONFIGURATION}-input-files.xcfilelist",
			);
			name = "[CP] Embed Pods Frameworks";
			outputFileListPaths = (
				"${PODS_ROOT}/Target Support Files/Pods-GmailClient/Pods-GmailClient-frameworks-${CONFIGURATION}-output-files.xcfilelist",
			);
			runOnlyForDeploymentPostprocessing = 0;
			shellPath = /bin/sh;
			shellScript = "\"${PODS_ROOT}/Target Support Files/Pods-GmailClient/Pods-GmailClient-frameworks.sh\"\n";
			showEnvVarsInLog = 0;
		};
/* End PBXShellScriptBuildPhase section */

/* Begin PBXSourcesBuildPhase section */
		1CFC2E9626D17CB700739357 /* Sources */ = {
			isa = PBXSourcesBuildPhase;
			buildActionMask = 2147483647;
			files = (
				1CFC2EC426D26EB300739357 /* GmailMessageProvider.swift in Sources */,
				1CFC2EA226D17CB700739357 /* SignInViewController.swift in Sources */,
				1CFC2EB926D239FC00739357 /* AuthorizationService.swift in Sources */,
				1CFC2EA826D17CB800739357 /* GmailClient.xcdatamodeld in Sources */,
				1CFC2FAF26D2EAC800739357 /* SignInViewModel.swift in Sources */,
				1C351F2C26D416D500C2022A /* String+Base64URL.swift in Sources */,
				1CFC2EC826D2E8BF00739357 /* Observable.swift in Sources */,
				1CFC2EBD26D25EF800739357 /* MessageDetailsViewController.swift in Sources */,
				1C507C5426D3848F0000464A /* UIViewController+Alert.swift in Sources */,
				1CFC2EC026D263BB00739357 /* MessageProviderProtocol.swift in Sources */,
				1CFC2FB326D2EAEA00739357 /* MessageDetailsViewModel.swift in Sources */,
				1CFC2FB126D2EAD500739357 /* MessageListViewModel.swift in Sources */,
				1CFC2EC226D2665600739357 /* GmailNetworkService.swift in Sources */,
				1C351F2826D40AF100C2022A /* FullMessage.swift in Sources */,
				1CFC2EB526D1800A00739357 /* GoogleAuthorizationService.swift in Sources */,
				1C351F2A26D40FD700C2022A /* MessageInfo.swift in Sources */,
				1CFC2E9E26D17CB700739357 /* AppDelegate.swift in Sources */,
				1C30976726D3BA9D00C08710 /* Parser.swift in Sources */,
				1CFC2EB726D2399100739357 /* MessageListViewController.swift in Sources */,
				1C35201026D450CA00C2022A /* UIView+AddSubview.swift in Sources */,
				1C507D3826D3916A0000464A /* MessageList.swift in Sources */,
				1CFC2EA026D17CB700739357 /* SceneDelegate.swift in Sources */,
				1C30976926D3C48C00C08710 /* NetworkError.swift in Sources */,
			);
			runOnlyForDeploymentPostprocessing = 0;
		};
/* End PBXSourcesBuildPhase section */

/* Begin PBXVariantGroup section */
		1CFC2EA326D17CB800739357 /* Main.storyboard */ = {
			isa = PBXVariantGroup;
			children = (
				1CFC2EA426D17CB800739357 /* Base */,
			);
			name = Main.storyboard;
			sourceTree = "<group>";
		};
		1CFC2EAB26D17CB800739357 /* LaunchScreen.storyboard */ = {
			isa = PBXVariantGroup;
			children = (
				1CFC2EAC26D17CB800739357 /* Base */,
			);
			name = LaunchScreen.storyboard;
			sourceTree = "<group>";
		};
/* End PBXVariantGroup section */

/* Begin XCBuildConfiguration section */
		1CFC2EAF26D17CB800739357 /* Debug */ = {
			isa = XCBuildConfiguration;
			buildSettings = {
				ALWAYS_SEARCH_USER_PATHS = NO;
				CLANG_ANALYZER_NONNULL = YES;
				CLANG_ANALYZER_NUMBER_OBJECT_CONVERSION = YES_AGGRESSIVE;
				CLANG_CXX_LANGUAGE_STANDARD = "gnu++14";
				CLANG_CXX_LIBRARY = "libc++";
				CLANG_ENABLE_MODULES = YES;
				CLANG_ENABLE_OBJC_ARC = YES;
				CLANG_ENABLE_OBJC_WEAK = YES;
				CLANG_WARN_BLOCK_CAPTURE_AUTORELEASING = YES;
				CLANG_WARN_BOOL_CONVERSION = YES;
				CLANG_WARN_COMMA = YES;
				CLANG_WARN_CONSTANT_CONVERSION = YES;
				CLANG_WARN_DEPRECATED_OBJC_IMPLEMENTATIONS = YES;
				CLANG_WARN_DIRECT_OBJC_ISA_USAGE = YES_ERROR;
				CLANG_WARN_DOCUMENTATION_COMMENTS = YES;
				CLANG_WARN_EMPTY_BODY = YES;
				CLANG_WARN_ENUM_CONVERSION = YES;
				CLANG_WARN_INFINITE_RECURSION = YES;
				CLANG_WARN_INT_CONVERSION = YES;
				CLANG_WARN_NON_LITERAL_NULL_CONVERSION = YES;
				CLANG_WARN_OBJC_IMPLICIT_RETAIN_SELF = YES;
				CLANG_WARN_OBJC_LITERAL_CONVERSION = YES;
				CLANG_WARN_OBJC_ROOT_CLASS = YES_ERROR;
				CLANG_WARN_QUOTED_INCLUDE_IN_FRAMEWORK_HEADER = YES;
				CLANG_WARN_RANGE_LOOP_ANALYSIS = YES;
				CLANG_WARN_STRICT_PROTOTYPES = YES;
				CLANG_WARN_SUSPICIOUS_MOVE = YES;
				CLANG_WARN_UNGUARDED_AVAILABILITY = YES_AGGRESSIVE;
				CLANG_WARN_UNREACHABLE_CODE = YES;
				CLANG_WARN__DUPLICATE_METHOD_MATCH = YES;
				COPY_PHASE_STRIP = NO;
				DEBUG_INFORMATION_FORMAT = dwarf;
				ENABLE_STRICT_OBJC_MSGSEND = YES;
				ENABLE_TESTABILITY = YES;
				GCC_C_LANGUAGE_STANDARD = gnu11;
				GCC_DYNAMIC_NO_PIC = NO;
				GCC_NO_COMMON_BLOCKS = YES;
				GCC_OPTIMIZATION_LEVEL = 0;
				GCC_PREPROCESSOR_DEFINITIONS = (
					"DEBUG=1",
					"$(inherited)",
				);
				GCC_WARN_64_TO_32_BIT_CONVERSION = YES;
				GCC_WARN_ABOUT_RETURN_TYPE = YES_ERROR;
				GCC_WARN_UNDECLARED_SELECTOR = YES;
				GCC_WARN_UNINITIALIZED_AUTOS = YES_AGGRESSIVE;
				GCC_WARN_UNUSED_FUNCTION = YES;
				GCC_WARN_UNUSED_VARIABLE = YES;
				IPHONEOS_DEPLOYMENT_TARGET = 14.5;
				MTL_ENABLE_DEBUG_INFO = INCLUDE_SOURCE;
				MTL_FAST_MATH = YES;
				ONLY_ACTIVE_ARCH = YES;
				SDKROOT = iphoneos;
				SWIFT_ACTIVE_COMPILATION_CONDITIONS = DEBUG;
				SWIFT_OPTIMIZATION_LEVEL = "-Onone";
			};
			name = Debug;
		};
		1CFC2EB026D17CB800739357 /* Release */ = {
			isa = XCBuildConfiguration;
			buildSettings = {
				ALWAYS_SEARCH_USER_PATHS = NO;
				CLANG_ANALYZER_NONNULL = YES;
				CLANG_ANALYZER_NUMBER_OBJECT_CONVERSION = YES_AGGRESSIVE;
				CLANG_CXX_LANGUAGE_STANDARD = "gnu++14";
				CLANG_CXX_LIBRARY = "libc++";
				CLANG_ENABLE_MODULES = YES;
				CLANG_ENABLE_OBJC_ARC = YES;
				CLANG_ENABLE_OBJC_WEAK = YES;
				CLANG_WARN_BLOCK_CAPTURE_AUTORELEASING = YES;
				CLANG_WARN_BOOL_CONVERSION = YES;
				CLANG_WARN_COMMA = YES;
				CLANG_WARN_CONSTANT_CONVERSION = YES;
				CLANG_WARN_DEPRECATED_OBJC_IMPLEMENTATIONS = YES;
				CLANG_WARN_DIRECT_OBJC_ISA_USAGE = YES_ERROR;
				CLANG_WARN_DOCUMENTATION_COMMENTS = YES;
				CLANG_WARN_EMPTY_BODY = YES;
				CLANG_WARN_ENUM_CONVERSION = YES;
				CLANG_WARN_INFINITE_RECURSION = YES;
				CLANG_WARN_INT_CONVERSION = YES;
				CLANG_WARN_NON_LITERAL_NULL_CONVERSION = YES;
				CLANG_WARN_OBJC_IMPLICIT_RETAIN_SELF = YES;
				CLANG_WARN_OBJC_LITERAL_CONVERSION = YES;
				CLANG_WARN_OBJC_ROOT_CLASS = YES_ERROR;
				CLANG_WARN_QUOTED_INCLUDE_IN_FRAMEWORK_HEADER = YES;
				CLANG_WARN_RANGE_LOOP_ANALYSIS = YES;
				CLANG_WARN_STRICT_PROTOTYPES = YES;
				CLANG_WARN_SUSPICIOUS_MOVE = YES;
				CLANG_WARN_UNGUARDED_AVAILABILITY = YES_AGGRESSIVE;
				CLANG_WARN_UNREACHABLE_CODE = YES;
				CLANG_WARN__DUPLICATE_METHOD_MATCH = YES;
				COPY_PHASE_STRIP = NO;
				DEBUG_INFORMATION_FORMAT = "dwarf-with-dsym";
				ENABLE_NS_ASSERTIONS = NO;
				ENABLE_STRICT_OBJC_MSGSEND = YES;
				GCC_C_LANGUAGE_STANDARD = gnu11;
				GCC_NO_COMMON_BLOCKS = YES;
				GCC_WARN_64_TO_32_BIT_CONVERSION = YES;
				GCC_WARN_ABOUT_RETURN_TYPE = YES_ERROR;
				GCC_WARN_UNDECLARED_SELECTOR = YES;
				GCC_WARN_UNINITIALIZED_AUTOS = YES_AGGRESSIVE;
				GCC_WARN_UNUSED_FUNCTION = YES;
				GCC_WARN_UNUSED_VARIABLE = YES;
				IPHONEOS_DEPLOYMENT_TARGET = 14.5;
				MTL_ENABLE_DEBUG_INFO = NO;
				MTL_FAST_MATH = YES;
				SDKROOT = iphoneos;
				SWIFT_COMPILATION_MODE = wholemodule;
				SWIFT_OPTIMIZATION_LEVEL = "-O";
				VALIDATE_PRODUCT = YES;
			};
			name = Release;
		};
		1CFC2EB226D17CB800739357 /* Debug */ = {
			isa = XCBuildConfiguration;
			baseConfigurationReference = F88C468BF10194E69F72109A /* Pods-GmailClient.debug.xcconfig */;
			buildSettings = {
				ASSETCATALOG_COMPILER_APPICON_NAME = AppIcon;
				ASSETCATALOG_COMPILER_GLOBAL_ACCENT_COLOR_NAME = AccentColor;
				CODE_SIGN_STYLE = Automatic;
				DEVELOPMENT_TEAM = ZPAU595F7P;
				INFOPLIST_FILE = GmailClient/Info.plist;
				LD_RUNPATH_SEARCH_PATHS = (
					"$(inherited)",
					"@executable_path/Frameworks",
				);
				PRODUCT_BUNDLE_IDENTIFIER = friends.GmailClient;
				PRODUCT_NAME = "$(TARGET_NAME)";
				SWIFT_VERSION = 5.0;
				TARGETED_DEVICE_FAMILY = "1,2";
			};
			name = Debug;
		};
		1CFC2EB326D17CB800739357 /* Release */ = {
			isa = XCBuildConfiguration;
			baseConfigurationReference = 8FBD86E5439E1006E17D1F1E /* Pods-GmailClient.release.xcconfig */;
			buildSettings = {
				ASSETCATALOG_COMPILER_APPICON_NAME = AppIcon;
				ASSETCATALOG_COMPILER_GLOBAL_ACCENT_COLOR_NAME = AccentColor;
				CODE_SIGN_STYLE = Automatic;
				DEVELOPMENT_TEAM = ZPAU595F7P;
				INFOPLIST_FILE = GmailClient/Info.plist;
				LD_RUNPATH_SEARCH_PATHS = (
					"$(inherited)",
					"@executable_path/Frameworks",
				);
				PRODUCT_BUNDLE_IDENTIFIER = friends.GmailClient;
				PRODUCT_NAME = "$(TARGET_NAME)";
				SWIFT_VERSION = 5.0;
				TARGETED_DEVICE_FAMILY = "1,2";
			};
			name = Release;
		};
/* End XCBuildConfiguration section */

/* Begin XCConfigurationList section */
		1CFC2E9526D17CB700739357 /* Build configuration list for PBXProject "GmailClient" */ = {
			isa = XCConfigurationList;
			buildConfigurations = (
				1CFC2EAF26D17CB800739357 /* Debug */,
				1CFC2EB026D17CB800739357 /* Release */,
			);
			defaultConfigurationIsVisible = 0;
			defaultConfigurationName = Release;
		};
		1CFC2EB126D17CB800739357 /* Build configuration list for PBXNativeTarget "GmailClient" */ = {
			isa = XCConfigurationList;
			buildConfigurations = (
				1CFC2EB226D17CB800739357 /* Debug */,
				1CFC2EB326D17CB800739357 /* Release */,
			);
			defaultConfigurationIsVisible = 0;
			defaultConfigurationName = Release;
		};
/* End XCConfigurationList section */

/* Begin XCVersionGroup section */
		1CFC2EA626D17CB800739357 /* GmailClient.xcdatamodeld */ = {
			isa = XCVersionGroup;
			children = (
				1CFC2EA726D17CB800739357 /* GmailClient.xcdatamodel */,
			);
			currentVersion = 1CFC2EA726D17CB800739357 /* GmailClient.xcdatamodel */;
			path = GmailClient.xcdatamodeld;
			sourceTree = "<group>";
			versionGroupType = wrapper.xcdatamodel;
		};
/* End XCVersionGroup section */
	};
	rootObject = 1CFC2E9226D17CB700739357 /* Project object */;
}
